<?xml version="1.0" encoding="utf-8"?>
<Project ToolsVersion="4.0" xmlns="http://schemas.microsoft.com/developer/msbuild/2003">
  <ItemGroup>
    <Filter Include="Source Files">
      <UniqueIdentifier>{4FC737F1-C7A5-4376-A066-2A32D752A2FF}</UniqueIdentifier>
      <Extensions>cpp;c;cc;cxx;c++;cppm;ixx;def;odl;idl;hpj;bat;asm;asmx</Extensions>
    </Filter>
    <Filter Include="Header Files">
      <UniqueIdentifier>{93995380-89BD-4b04-88EB-625FBE52EBFB}</UniqueIdentifier>
      <Extensions>h;hh;hpp;hxx;h++;hm;inl;inc;ipp;xsd</Extensions>
    </Filter>
    <Filter Include="Resource Files">
      <UniqueIdentifier>{67DA6AB6-F800-4c08-8B7A-83BB121AAD01}</UniqueIdentifier>
      <Extensions>rc;ico;cur;bmp;dlg;rc2;rct;bin;rgs;gif;jpg;jpeg;jpe;resx;tiff;tif;png;wav;mfcribbon-ms</Extensions>
    </Filter>
  </ItemGroup>
  <ItemGroup>
    <ClCompile Include="source\Error.cpp">
      <Filter>Source Files</Filter>
    </ClCompile>
    <ClCompile Include="source\FloatToken.cpp">
      <Filter>Source Files</Filter>
    </ClCompile>
    <ClCompile Include="source\IllegalCharacterError.cpp">
      <Filter>Source Files</Filter>
    </ClCompile>
    <ClCompile Include="source\InsertArrowsIntoString.cpp">
      <Filter>Source Files</Filter>
    </ClCompile>
    <ClCompile Include="source\IntegerToken.cpp">
      <Filter>Source Files</Filter>
    </ClCompile>
    <ClCompile Include="source\InvalidSyntaxError.cpp">
      <Filter>Source Files</Filter>
    </ClCompile>
    <ClCompile Include="source\Lexer.cpp">
      <Filter>Source Files</Filter>
    </ClCompile>
    <ClCompile Include="source\OperatorToken.cpp">
      <Filter>Source Files</Filter>
    </ClCompile>
    <ClCompile Include="source\Parser.cpp">
      <Filter>Source Files</Filter>
    </ClCompile>
    <ClCompile Include="source\Position.cpp">
      <Filter>Source Files</Filter>
    </ClCompile>
    <ClCompile Include="source\RuntimeError.cpp">
      <Filter>Source Files</Filter>
    </ClCompile>
    <ClCompile Include="source\Source.cpp">
      <Filter>Source Files</Filter>
    </ClCompile>
    <ClCompile Include="source\StringToken.cpp">
      <Filter>Source Files</Filter>
    </ClCompile>
    <ClCompile Include="headers\Operator.cpp">
      <Filter>Source Files</Filter>
    </ClCompile>
  </ItemGroup>
  <ItemGroup>
    <ClInclude Include="headers\Error.h">
      <Filter>Header Files</Filter>
    </ClInclude>
    <ClInclude Include="headers\FloatToken.h">
      <Filter>Header Files</Filter>
    </ClInclude>
    <ClInclude Include="headers\IllegalCharacterError.h">
      <Filter>Header Files</Filter>
    </ClInclude>
    <ClInclude Include="headers\InsertArrowsIntoString.h">
      <Filter>Header Files</Filter>
    </ClInclude>
    <ClInclude Include="headers\IntegerToken.h">
      <Filter>Header Files</Filter>
    </ClInclude>
    <ClInclude Include="headers\InvalidSyntaxError.h">
      <Filter>Header Files</Filter>
    </ClInclude>
    <ClInclude Include="headers\Lexer.h">
      <Filter>Header Files</Filter>
    </ClInclude>
    <ClInclude Include="headers\Node.h">
      <Filter>Header Files</Filter>
    </ClInclude>
    <ClInclude Include="headers\Operator.h">
      <Filter>Header Files</Filter>
    </ClInclude>
    <ClInclude Include="headers\OperatorToken.h">
      <Filter>Header Files</Filter>
    </ClInclude>
    <ClInclude Include="headers\Parser.h">
      <Filter>Header Files</Filter>
    </ClInclude>
    <ClInclude Include="headers\Position.h">
      <Filter>Header Files</Filter>
    </ClInclude>
    <ClInclude Include="headers\RuntimeError.h">
      <Filter>Header Files</Filter>
    </ClInclude>
    <ClInclude Include="headers\StringToken.h">
      <Filter>Header Files</Filter>
    </ClInclude>
    <ClInclude Include="headers\Token.h">
      <Filter>Header Files</Filter>
    </ClInclude>
  </ItemGroup>
</Project>